
Microsoft Visual Studio Solution File, Format Version 12.00
# Visual Studio 15
VisualStudioVersion = 15.0.28307.572
MinimumVisualStudioVersion = 10.0.40219.1
Project("{9A19103F-16F7-4668-BE54-9A1E7A4F7556}") = "Ucsb.Sa.Enterprise.NetCore.Transforms.Console", "Ucsb.Sa.Enterprise.NetCore.Transforms.Console\Ucsb.Sa.Enterprise.NetCore.Transforms.Console.csproj", "{E163E9D2-618C-4BAD-BAC6-BCD0F6080E2F}"
EndProject
Project("{9A19103F-16F7-4668-BE54-9A1E7A4F7556}") = "Ucsb.Sa.Enterprise.NetCore.Transforms.Console.Tests", "Ucsb.Sa.Enterprise.NetCore.Transforms.Console.Tests\Ucsb.Sa.Enterprise.NetCore.Transforms.Console.Tests.csproj", "{2648800F-EFBD-4109-A22F-C04B4EDA3FD9}"
EndProject
Global
	GlobalSection(SolutionConfigurationPlatforms) = preSolution
		Debug|Any CPU = Debug|Any CPU
		Release|Any CPU = Release|Any CPU
	EndGlobalSection
	GlobalSection(ProjectConfigurationPlatforms) = postSolution
		{E163E9D2-618C-4BAD-BAC6-BCD0F6080E2F}.Debug|Any CPU.ActiveCfg = Debug|Any CPU
		{E163E9D2-618C-4BAD-BAC6-BCD0F6080E2F}.Debug|Any CPU.Build.0 = Debug|Any CPU
		{E163E9D2-618C-4BAD-BAC6-BCD0F6080E2F}.Release|Any CPU.ActiveCfg = Release|Any CPU
		{E163E9D2-618C-4BAD-BAC6-BCD0F6080E2F}.Release|Any CPU.Build.0 = Release|Any CPU
		{2648800F-EFBD-4109-A22F-C04B4EDA3FD9}.Debug|Any CPU.ActiveCfg = Debug|Any CPU
		{2648800F-EFBD-4109-A22F-C04B4EDA3FD9}.Debug|Any CPU.Build.0 = Debug|Any CPU
		{2648800F-EFBD-4109-A22F-C04B4EDA3FD9}.Release|Any CPU.ActiveCfg = Release|Any CPU
		{2648800F-EFBD-4109-A22F-C04B4EDA3FD9}.Release|Any CPU.Build.0 = Release|Any CPU
	EndGlobalSection
	GlobalSection(SolutionProperties) = preSolution
		HideSolutionNode = FALSE
	EndGlobalSection
	GlobalSection(ExtensibilityGlobals) = postSolution
		SolutionGuid = {613E9A16-1FC2-4AB0-B4D8-B4894832A4B8}
	EndGlobalSection
	GlobalSection(TeamFoundationVersionControl) = preSolution
		SccNumberOfProjects = 1
		SccEnterpriseProvider = {4CA58AB2-18FA-4F8D-95D4-32DDF27D184C}
		SccTeamFoundationServer = https://dev.azure.com/sist-sa-ucsb
		SccProjectUniqueName0 = Ucsb.Sa.Enterprise.NetCore.Transforms.Console\\Ucsb.Sa.Enterprise.NetCore.Transforms.Console.csproj
		SccProjectName0 = Ucsb.Sa.Enterprise.NetCore.Transforms.Console
		SccAuxPath0 = https://dev.azure.com/sist-sa-ucsb
		SccLocalPath0 = Ucsb.Sa.Enterprise.NetCore.Transforms.Console
		SccProvider0 = {4CA58AB2-18FA-4F8D-95D4-32DDF27D184C}
	EndGlobalSection
EndGlobal
